
Microsoft Visual Studio Solution File, Format Version 12.00
# Visual Studio Version 17
VisualStudioVersion = 17.7.34221.43
MinimumVisualStudioVersion = 10.0.40219.1
Project("{FAE04EC0-301F-11D3-BF4B-00C04F79EFBC}") = "nomes", "zoologico\nomes.csproj", "{8A5084DD-C688-4C55-89B2-944D04651A9B}"
EndProject
Global
	GlobalSection(SolutionConfigurationPlatforms) = preSolution
		Debug|Any CPU = Debug|Any CPU
		Release|Any CPU = Release|Any CPU
	EndGlobalSection
	GlobalSection(ProjectConfigurationPlatforms) = postSolution
		{8A5084DD-C688-4C55-89B2-944D04651A9B}.Debug|Any CPU.ActiveCfg = Debug|Any CPU
		{8A5084DD-C688-4C55-89B2-944D04651A9B}.Debug|Any CPU.Build.0 = Debug|Any CPU
		{8A5084DD-C688-4C55-89B2-944D04651A9B}.Release|Any CPU.ActiveCfg = Release|Any CPU
		{8A5084DD-C688-4C55-89B2-944D04651A9B}.Release|Any CPU.Build.0 = Release|Any CPU
	EndGlobalSection
	GlobalSection(SolutionProperties) = preSolution
		HideSolutionNode = FALSE
	EndGlobalSection
	GlobalSection(ExtensibilityGlobals) = postSolution
		SolutionGuid = {D847107D-7AA4-4237-93CD-0FA246FB91FF}
	EndGlobalSection
EndGlobal
